
Microsoft Visual Studio Solution File, Format Version 12.00
# Visual Studio Version 16
VisualStudioVersion = 16.0.30114.105
MinimumVisualStudioVersion = 10.0.40219.1
Project("{2150E333-8FDC-42A3-9474-1A3956D46DE8}") = "src", "src", "{914F1DBD-AD99-49E6-9F65-E80FCA040493}"
EndProject
Project("{FAE04EC0-301F-11D3-BF4B-00C04F79EFBC}") = "mypackage", "src\mypackage\mypackage.csproj", "{50A773B2-436E-49D8-92FA-E722EB0C3B99}"
EndProject
Global
	GlobalSection(SolutionConfigurationPlatforms) = preSolution
		Debug|Any CPU = Debug|Any CPU
		Release|Any CPU = Release|Any CPU
	EndGlobalSection
	GlobalSection(SolutionProperties) = preSolution
		HideSolutionNode = FALSE
	EndGlobalSection
	GlobalSection(ProjectConfigurationPlatforms) = postSolution
		{50A773B2-436E-49D8-92FA-E722EB0C3B99}.Debug|Any CPU.ActiveCfg = Debug|Any CPU
		{50A773B2-436E-49D8-92FA-E722EB0C3B99}.Debug|Any CPU.Build.0 = Debug|Any CPU
		{50A773B2-436E-49D8-92FA-E722EB0C3B99}.Release|Any CPU.ActiveCfg = Release|Any CPU
		{50A773B2-436E-49D8-92FA-E722EB0C3B99}.Release|Any CPU.Build.0 = Release|Any CPU
	EndGlobalSection
	GlobalSection(NestedProjects) = preSolution
		{50A773B2-436E-49D8-92FA-E722EB0C3B99} = {914F1DBD-AD99-49E6-9F65-E80FCA040493}
	EndGlobalSection
EndGlobal
